// !$*UTF8*$!
{
	archiveVersion = 1;
	classes = {
	};
	objectVersion = 48;
	objects = {

/* Begin PBXBuildFile section */
		AF2F6CC51EE87A1800DC4C7C /* AppDelegate.swift in Sources */ = {isa = PBXBuildFile; fileRef = AF2F6CC41EE87A1800DC4C7C /* AppDelegate.swift */; };
		AF2F6CC71EE87A1800DC4C7C /* ViewController.swift in Sources */ = {isa = PBXBuildFile; fileRef = AF2F6CC61EE87A1800DC4C7C /* ViewController.swift */; };
		AF2F6CCA1EE87A1800DC4C7C /* Main.storyboard in Resources */ = {isa = PBXBuildFile; fileRef = AF2F6CC81EE87A1800DC4C7C /* Main.storyboard */; };
		AF2F6CCC1EE87A1800DC4C7C /* Assets.xcassets in Resources */ = {isa = PBXBuildFile; fileRef = AF2F6CCB1EE87A1800DC4C7C /* Assets.xcassets */; };
		AF2F6CCF1EE87A1800DC4C7C /* LaunchScreen.storyboard in Resources */ = {isa = PBXBuildFile; fileRef = AF2F6CCD1EE87A1800DC4C7C /* LaunchScreen.storyboard */; };
/* End PBXBuildFile section */

/* Begin PBXFileReference section */
		AF2F6CC11EE87A1800DC4C7C /* Tap.app */ = {isa = PBXFileReference; explicitFileType = wrapper.application; includeInIndex = 0; path = Tap.app; sourceTree = BUILT_PRODUCTS_DIR; };
		AF2F6CC41EE87A1800DC4C7C /* AppDelegate.swift */ = {isa = PBXFileReference; lastKnownFileType = sourcecode.swift; path = AppDelegate.swift; sourceTree = "<group>"; };
		AF2F6CC61EE87A1800DC4C7C /* ViewController.swift */ = {isa = PBXFileReference; lastKnownFileType = sourcecode.swift; path = ViewController.swift; sourceTree = "<group>"; };
		AF2F6CC91EE87A1800DC4C7C /* Base */ = {isa = PBXFileReference; lastKnownFileType = file.storyboard; name = Base; path = Base.lproj/Main.storyboard; sourceTree = "<group>"; };
		AF2F6CCB1EE87A1800DC4C7C /* Assets.xcassets */ = {isa = PBXFileReference; lastKnownFileType = folder.assetcatalog; path = Assets.xcassets; sourceTree = "<group>"; };
		AF2F6CCE1EE87A1800DC4C7C /* Base */ = {isa = PBXFileReference; lastKnownFileType = file.storyboard; name = Base; path = Base.lproj/LaunchScreen.storyboard; sourceTree = "<group>"; };
		AF2F6CD01EE87A1800DC4C7C /* Info.plist */ = {isa = PBXFileReference; lastKnownFileType = text.plist.xml; path = Info.plist; sourceTree = "<group>"; };
		AF2F6CD91EE87DC500DC4C7C /* Tap.entitlements */ = {isa = PBXFileReference; lastKnownFileType = text.plist.entitlements; path = Tap.entitlements; sourceTree = "<group>"; };
/* End PBXFileReference section */

/* Begin PBXFrameworksBuildPhase section */
		AF2F6CBE1EE87A1800DC4C7C /* Frameworks */ = {
			isa = PBXFrameworksBuildPhase;
			buildActionMask = 2147483647;
			files = (
			);
			runOnlyForDeploymentPostprocessing = 0;
		};
/* End PBXFrameworksBuildPhase section */

/* Begin PBXGroup section */
		AF2F6CB81EE87A1800DC4C7C = {
			isa = PBXGroup;
			children = (
				AF2F6CC31EE87A1800DC4C7C /* Tap */,
				AF2F6CC21EE87A1800DC4C7C /* Products */,
				AF2F6CD61EE87DC500DC4C7C /* Frameworks */,
			);
			sourceTree = "<group>";
		};
		AF2F6CC21EE87A1800DC4C7C /* Products */ = {
			isa = PBXGroup;
			children = (
				AF2F6CC11EE87A1800DC4C7C /* Tap.app */,
			);
			name = Products;
			sourceTree = "<group>";
		};
		AF2F6CC31EE87A1800DC4C7C /* Tap */ = {
			isa = PBXGroup;
			children = (
				AF2F6CD91EE87DC500DC4C7C /* Tap.entitlements */,
				AF2F6CC41EE87A1800DC4C7C /* AppDelegate.swift */,
				AF2F6CC61EE87A1800DC4C7C /* ViewController.swift */,
				AF2F6CC81EE87A1800DC4C7C /* Main.storyboard */,
				AF2F6CCB1EE87A1800DC4C7C /* Assets.xcassets */,
				AF2F6CCD1EE87A1800DC4C7C /* LaunchScreen.storyboard */,
				AF2F6CD01EE87A1800DC4C7C /* Info.plist */,
			);
			path = Tap;
			sourceTree = "<group>";
		};
		AF2F6CD61EE87DC500DC4C7C /* Frameworks */ = {
			isa = PBXGroup;
			children = (
			);
			name = Frameworks;
			sourceTree = "<group>";
		};
/* End PBXGroup section */

/* Begin PBXNativeTarget section */
		AF2F6CC01EE87A1800DC4C7C /* Tap */ = {
			isa = PBXNativeTarget;
			buildConfigurationList = AF2F6CD31EE87A1800DC4C7C /* Build configuration list for PBXNativeTarget "Tap" */;
			buildPhases = (
				AF2F6CBD1EE87A1800DC4C7C /* Sources */,
				AF2F6CBE1EE87A1800DC4C7C /* Frameworks */,
				AF2F6CBF1EE87A1800DC4C7C /* Resources */,
			);
			buildRules = (
			);
			dependencies = (
			);
			name = Tap;
			productName = Tap;
			productReference = AF2F6CC11EE87A1800DC4C7C /* Tap.app */;
			productType = "com.apple.product-type.application";
		};
/* End PBXNativeTarget section */

/* Begin PBXProject section */
		AF2F6CB91EE87A1800DC4C7C /* Project object */ = {
			isa = PBXProject;
			attributes = {
				LastSwiftUpdateCheck = 0900;
				LastUpgradeCheck = 0900;
				ORGANIZATIONNAME = "Kyle McAlpine";
				TargetAttributes = {
					AF2F6CC01EE87A1800DC4C7C = {
						CreatedOnToolsVersion = 9.0;
						ProvisioningStyle = Manual;
						SystemCapabilities = {
							com.apple.VPNLite = {
								enabled = 0;
							};
						};
					};
				};
			};
			buildConfigurationList = AF2F6CBC1EE87A1800DC4C7C /* Build configuration list for PBXProject "Tap" */;
			compatibilityVersion = "Xcode 8.0";
			developmentRegion = en;
			hasScannedForEncodings = 0;
			knownRegions = (
				en,
				Base,
			);
			mainGroup = AF2F6CB81EE87A1800DC4C7C;
			productRefGroup = AF2F6CC21EE87A1800DC4C7C /* Products */;
			projectDirPath = "";
			projectRoot = "";
			targets = (
				AF2F6CC01EE87A1800DC4C7C /* Tap */,
			);
		};
/* End PBXProject section */

/* Begin PBXResourcesBuildPhase section */
		AF2F6CBF1EE87A1800DC4C7C /* Resources */ = {
			isa = PBXResourcesBuildPhase;
			buildActionMask = 2147483647;
			files = (
				AF2F6CCF1EE87A1800DC4C7C /* LaunchScreen.storyboard in Resources */,
				AF2F6CCC1EE87A1800DC4C7C /* Assets.xcassets in Resources */,
				AF2F6CCA1EE87A1800DC4C7C /* Main.storyboard in Resources */,
			);
			runOnlyForDeploymentPostprocessing = 0;
		};
/* End PBXResourcesBuildPhase section */

/* Begin PBXSourcesBuildPhase section */
		AF2F6CBD1EE87A1800DC4C7C /* Sources */ = {
			isa = PBXSourcesBuildPhase;
			buildActionMask = 2147483647;
			files = (
				AF2F6CC71EE87A1800DC4C7C /* ViewController.swift in Sources */,
				AF2F6CC51EE87A1800DC4C7C /* AppDelegate.swift in Sources */,
			);
			runOnlyForDeploymentPostprocessing = 0;
		};
/* End PBXSourcesBuildPhase section */

/* Begin PBXVariantGroup section */
		AF2F6CC81EE87A1800DC4C7C /* Main.storyboard */ = {
			isa = PBXVariantGroup;
			children = (
				AF2F6CC91EE87A1800DC4C7C /* Base */,
			);
			name = Main.storyboard;
			sourceTree = "<group>";
		};
		AF2F6CCD1EE87A1800DC4C7C /* LaunchScreen.storyboard */ = {
			isa = PBXVariantGroup;
			children = (
				AF2F6CCE1EE87A1800DC4C7C /* Base */,
			);
			name = LaunchScreen.storyboard;
			sourceTree = "<group>";
		};
/* End PBXVariantGroup section */

/* Begin XCBuildConfiguration section */
		AF2F6CD11EE87A1800DC4C7C /* Debug */ = {
			isa = XCBuildConfiguration;
			buildSettings = {
				ALWAYS_SEARCH_USER_PATHS = NO;
				CLANG_ANALYZER_NONNULL = YES;
				CLANG_ANALYZER_NUMBER_OBJECT_CONVERSION = YES_AGGRESSIVE;
				CLANG_CXX_LANGUAGE_STANDARD = "gnu++14";
				CLANG_CXX_LIBRARY = "libc++";
				CLANG_ENABLE_MODULES = YES;
				CLANG_ENABLE_OBJC_ARC = YES;
				CLANG_WARN_BLOCK_CAPTURE_AUTORELEASING = YES;
				CLANG_WARN_BOOL_CONVERSION = YES;
				CLANG_WARN_COMMA = YES;
				CLANG_WARN_CONSTANT_CONVERSION = YES;
				CLANG_WARN_DIRECT_OBJC_ISA_USAGE = YES_ERROR;
				CLANG_WARN_DOCUMENTATION_COMMENTS = YES;
				CLANG_WARN_EMPTY_BODY = YES;
				CLANG_WARN_ENUM_CONVERSION = YES;
				CLANG_WARN_INFINITE_RECURSION = YES;
				CLANG_WARN_INT_CONVERSION = YES;
				CLANG_WARN_OBJC_ROOT_CLASS = YES_ERROR;
				CLANG_WARN_RANGE_LOOP_ANALYSIS = YES;
				CLANG_WARN_STRICT_PROTOTYPES = YES;
				CLANG_WARN_SUSPICIOUS_MOVE = YES;
				CLANG_WARN_UNGUARDED_AVAILABILITY = YES_AGGRESSIVE;
				CLANG_WARN_UNREACHABLE_CODE = YES;
				CLANG_WARN__DUPLICATE_METHOD_MATCH = YES;
				CODE_SIGN_IDENTITY = "iPhone Developer";
				COPY_PHASE_STRIP = NO;
				DEBUG_INFORMATION_FORMAT = dwarf;
				ENABLE_STRICT_OBJC_MSGSEND = YES;
				ENABLE_TESTABILITY = YES;
				GCC_C_LANGUAGE_STANDARD = gnu11;
				GCC_DYNAMIC_NO_PIC = NO;
				GCC_NO_COMMON_BLOCKS = YES;
				GCC_OPTIMIZATION_LEVEL = 0;
				GCC_PREPROCESSOR_DEFINITIONS = (
					"DEBUG=1",
					"$(inherited)",
				);
				GCC_WARN_64_TO_32_BIT_CONVERSION = YES;
				GCC_WARN_ABOUT_RETURN_TYPE = YES_ERROR;
				GCC_WARN_UNDECLARED_SELECTOR = YES;
				GCC_WARN_UNINITIALIZED_AUTOS = YES_AGGRESSIVE;
				GCC_WARN_UNUSED_FUNCTION = YES;
				GCC_WARN_UNUSED_VARIABLE = YES;
				IPHONEOS_DEPLOYMENT_TARGET = 11.0;
				MTL_ENABLE_DEBUG_INFO = YES;
				ONLY_ACTIVE_ARCH = YES;
				SDKROOT = iphoneos;
				SWIFT_ACTIVE_COMPILATION_CONDITIONS = DEBUG;
				SWIFT_OPTIMIZATION_LEVEL = "-Onone";
			};
			name = Debug;
		};
		AF2F6CD21EE87A1800DC4C7C /* Release */ = {
			isa = XCBuildConfiguration;
			buildSettings = {
				ALWAYS_SEARCH_USER_PATHS = NO;
				CLANG_ANALYZER_NONNULL = YES;
				CLANG_ANALYZER_NUMBER_OBJECT_CONVERSION = YES_AGGRESSIVE;
				CLANG_CXX_LANGUAGE_STANDARD = "gnu++14";
				CLANG_CXX_LIBRARY = "libc++";
				CLANG_ENABLE_MODULES = YES;
				CLANG_ENABLE_OBJC_ARC = YES;
				CLANG_WARN_BLOCK_CAPTURE_AUTORELEASING = YES;
				CLANG_WARN_BOOL_CONVERSION = YES;
				CLANG_WARN_COMMA = YES;
				CLANG_WARN_CONSTANT_CONVERSION = YES;
				CLANG_WARN_DIRECT_OBJC_ISA_USAGE = YES_ERROR;
				CLANG_WARN_DOCUMENTATION_COMMENTS = YES;
				CLANG_WARN_EMPTY_BODY = YES;
				CLANG_WARN_ENUM_CONVERSION = YES;
				CLANG_WARN_INFINITE_RECURSION = YES;
				CLANG_WARN_INT_CONVERSION = YES;
				CLANG_WARN_OBJC_ROOT_CLASS = YES_ERROR;
				CLANG_WARN_RANGE_LOOP_ANALYSIS = YES;
				CLANG_WARN_STRICT_PROTOTYPES = YES;
				CLANG_WARN_SUSPICIOUS_MOVE = YES;
				CLANG_WARN_UNGUARDED_AVAILABILITY = YES_AGGRESSIVE;
				CLANG_WARN_UNREACHABLE_CODE = YES;
				CLANG_WARN__DUPLICATE_METHOD_MATCH = YES;
				CODE_SIGN_IDENTITY = "iPhone Developer";
				COPY_PHASE_STRIP = NO;
				DEBUG_INFORMATION_FORMAT = "dwarf-with-dsym";
				ENABLE_NS_ASSERTIONS = NO;
				ENABLE_STRICT_OBJC_MSGSEND = YES;
				GCC_C_LANGUAGE_STANDARD = gnu11;
				GCC_NO_COMMON_BLOCKS = YES;
				GCC_WARN_64_TO_32_BIT_CONVERSION = YES;
				GCC_WARN_ABOUT_RETURN_TYPE = YES_ERROR;
				GCC_WARN_UNDECLARED_SELECTOR = YES;
				GCC_WARN_UNINITIALIZED_AUTOS = YES_AGGRESSIVE;
				GCC_WARN_UNUSED_FUNCTION = YES;
				GCC_WARN_UNUSED_VARIABLE = YES;
				IPHONEOS_DEPLOYMENT_TARGET = 11.0;
				MTL_ENABLE_DEBUG_INFO = NO;
				SDKROOT = iphoneos;
				SWIFT_OPTIMIZATION_LEVEL = "-Owholemodule";
				VALIDATE_PRODUCT = YES;
			};
			name = Release;
		};
		AF2F6CD41EE87A1800DC4C7C /* Debug */ = {
			isa = XCBuildConfiguration;
			buildSettings = {
				ASSETCATALOG_COMPILER_APPICON_NAME = AppIcon;
				CODE_SIGN_ENTITLEMENTS = Tap/Tap.entitlements;
				CODE_SIGN_STYLE = Manual;
				DEVELOPMENT_TEAM = X2TBSUCASC;
				INFOPLIST_FILE = Tap/Info.plist;
				LD_RUNPATH_SEARCH_PATHS = "$(inherited) @executable_path/Frameworks";
				PRODUCT_BUNDLE_IDENTIFIER = io.kylejm.tap;
				PRODUCT_NAME = "$(TARGET_NAME)";
				PROVISIONING_PROFILE = "bf9a1d6a-0b55-44a4-b95b-33f9f0fde37a";
				PROVISIONING_PROFILE_SPECIFIER = "match Development io.kylejm.tap";
				SWIFT_VERSION = 4.0;
				TARGETED_DEVICE_FAMILY = "1,2";
			};
			name = Debug;
		};
		AF2F6CD51EE87A1800DC4C7C /* Release */ = {
			isa = XCBuildConfiguration;
			buildSettings = {
				ASSETCATALOG_COMPILER_APPICON_NAME = AppIcon;
				CODE_SIGN_ENTITLEMENTS = Tap/Tap.entitlements;
				CODE_SIGN_STYLE = Manual;
				DEVELOPMENT_TEAM = X2TBSUCASC;
				INFOPLIST_FILE = Tap/Info.plist;
				LD_RUNPATH_SEARCH_PATHS = "$(inherited) @executable_path/Frameworks";
				PRODUCT_BUNDLE_IDENTIFIER = io.kylejm.tap;
				PRODUCT_NAME = "$(TARGET_NAME)";
				PROVISIONING_PROFILE = "bf9a1d6a-0b55-44a4-b95b-33f9f0fde37a";
				PROVISIONING_PROFILE_SPECIFIER = "match Development io.kylejm.tap";
				SWIFT_VERSION = 4.0;
				TARGETED_DEVICE_FAMILY = "1,2";
			};
			name = Release;
		};
/* End XCBuildConfiguration section */

/* Begin XCConfigurationList section */
		AF2F6CBC1EE87A1800DC4C7C /* Build configuration list for PBXProject "Tap" */ = {
			isa = XCConfigurationList;
			buildConfigurations = (
				AF2F6CD11EE87A1800DC4C7C /* Debug */,
				AF2F6CD21EE87A1800DC4C7C /* Release */,
			);
			defaultConfigurationIsVisible = 0;
			defaultConfigurationName = Release;
		};
		AF2F6CD31EE87A1800DC4C7C /* Build configuration list for PBXNativeTarget "Tap" */ = {
			isa = XCConfigurationList;
			buildConfigurations = (
				AF2F6CD41EE87A1800DC4C7C /* Debug */,
				AF2F6CD51EE87A1800DC4C7C /* Release */,
			);
			defaultConfigurationIsVisible = 0;
			defaultConfigurationName = Release;
		};
/* End XCConfigurationList section */
	};
	rootObject = AF2F6CB91EE87A1800DC4C7C /* Project object */;
}
